
Microsoft Visual Studio Solution File, Format Version 12.00
# Visual Studio Version 17
VisualStudioVersion = 17.7.34031.279
MinimumVisualStudioVersion = 10.0.40219.1
Project("{FAE04EC0-301F-11D3-BF4B-00C04F79EFBC}") = "WebAPI", "..\WebAPI\WebAPI.csproj", "{CC8293E4-03DB-49A2-874C-42F3C58B8DCF}"
EndProject
Project("{FAE04EC0-301F-11D3-BF4B-00C04F79EFBC}") = "SistemaGestionDataNET", "..\SistemaGestionDataNET\SistemaGestionDataNET.csproj", "{B834D8E8-1AC7-42CE-A5E6-9A0444EB9587}"
EndProject
Project("{FAE04EC0-301F-11D3-BF4B-00C04F79EFBC}") = "SistemaGestionBussinessNET", "..\SistemaGestionBussinessNET\SistemaGestionBussinessNET.csproj", "{EC8973C9-6A6D-4A8B-9432-3EBB4CBE1BF9}"
EndProject
Project("{FAE04EC0-301F-11D3-BF4B-00C04F79EFBC}") = "SistemaGestionEntitiesNET", "..\SistemaGestionEntitiesNET\SistemaGestionEntitiesNET.csproj", "{5ECF92E1-7CCD-4653-A524-A95966ABC6D4}"
EndProject
Global
	GlobalSection(SolutionConfigurationPlatforms) = preSolution
		Debug|Any CPU = Debug|Any CPU
		Release|Any CPU = Release|Any CPU
	EndGlobalSection
	GlobalSection(ProjectConfigurationPlatforms) = postSolution
		{CC8293E4-03DB-49A2-874C-42F3C58B8DCF}.Debug|Any CPU.ActiveCfg = Debug|Any CPU
		{CC8293E4-03DB-49A2-874C-42F3C58B8DCF}.Debug|Any CPU.Build.0 = Debug|Any CPU
		{CC8293E4-03DB-49A2-874C-42F3C58B8DCF}.Release|Any CPU.ActiveCfg = Release|Any CPU
		{CC8293E4-03DB-49A2-874C-42F3C58B8DCF}.Release|Any CPU.Build.0 = Release|Any CPU
		{B834D8E8-1AC7-42CE-A5E6-9A0444EB9587}.Debug|Any CPU.ActiveCfg = Debug|Any CPU
		{B834D8E8-1AC7-42CE-A5E6-9A0444EB9587}.Debug|Any CPU.Build.0 = Debug|Any CPU
		{B834D8E8-1AC7-42CE-A5E6-9A0444EB9587}.Release|Any CPU.ActiveCfg = Release|Any CPU
		{B834D8E8-1AC7-42CE-A5E6-9A0444EB9587}.Release|Any CPU.Build.0 = Release|Any CPU
		{EC8973C9-6A6D-4A8B-9432-3EBB4CBE1BF9}.Debug|Any CPU.ActiveCfg = Debug|Any CPU
		{EC8973C9-6A6D-4A8B-9432-3EBB4CBE1BF9}.Debug|Any CPU.Build.0 = Debug|Any CPU
		{EC8973C9-6A6D-4A8B-9432-3EBB4CBE1BF9}.Release|Any CPU.ActiveCfg = Release|Any CPU
		{EC8973C9-6A6D-4A8B-9432-3EBB4CBE1BF9}.Release|Any CPU.Build.0 = Release|Any CPU
		{5ECF92E1-7CCD-4653-A524-A95966ABC6D4}.Debug|Any CPU.ActiveCfg = Debug|Any CPU
		{5ECF92E1-7CCD-4653-A524-A95966ABC6D4}.Debug|Any CPU.Build.0 = Debug|Any CPU
		{5ECF92E1-7CCD-4653-A524-A95966ABC6D4}.Release|Any CPU.ActiveCfg = Release|Any CPU
		{5ECF92E1-7CCD-4653-A524-A95966ABC6D4}.Release|Any CPU.Build.0 = Release|Any CPU
	EndGlobalSection
	GlobalSection(SolutionProperties) = preSolution
		HideSolutionNode = FALSE
	EndGlobalSection
	GlobalSection(ExtensibilityGlobals) = postSolution
		SolutionGuid = {D37B6F21-C952-45DF-B67A-F593BD924698}
	EndGlobalSection
EndGlobal
